
Microsoft Visual Studio Solution File, Format Version 12.00
# Visual Studio Version 16
VisualStudioVersion = 16.0.32126.315
MinimumVisualStudioVersion = 10.0.40219.1
Project("{FAE04EC0-301F-11D3-BF4B-00C04F79EFBC}") = "AdoCrudApp", "AdoCrudApp.csproj", "{F9558E40-FEB0-408B-9276-6F6302D771B1}"
EndProject
Global
	GlobalSection(SolutionConfigurationPlatforms) = preSolution
		Debug|Any CPU = Debug|Any CPU
		Release|Any CPU = Release|Any CPU
	EndGlobalSection
	GlobalSection(ProjectConfigurationPlatforms) = postSolution
		{F9558E40-FEB0-408B-9276-6F6302D771B1}.Debug|Any CPU.ActiveCfg = Debug|Any CPU
		{F9558E40-FEB0-408B-9276-6F6302D771B1}.Debug|Any CPU.Build.0 = Debug|Any CPU
		{F9558E40-FEB0-408B-9276-6F6302D771B1}.Release|Any CPU.ActiveCfg = Release|Any CPU
		{F9558E40-FEB0-408B-9276-6F6302D771B1}.Release|Any CPU.Build.0 = Release|Any CPU
	EndGlobalSection
	GlobalSection(SolutionProperties) = preSolution
		HideSolutionNode = FALSE
	EndGlobalSection
	GlobalSection(ExtensibilityGlobals) = postSolution
		SolutionGuid = {1C05C808-3CE2-4E0D-ADEA-0129A6FFC23A}
	EndGlobalSection
EndGlobal
